
Microsoft Visual Studio Solution File, Format Version 12.00
# Visual Studio Version 16
VisualStudioVersion = 16.0.32510.428
MinimumVisualStudioVersion = 10.0.40219.1
Project("{9A19103F-16F7-4668-BE54-9A1E7A4F7556}") = "T.Utility", "T.Utility\T.Utility.csproj", "{D351C5FB-A149-4AF3-A6D4-C9DE4E7B6C20}"
EndProject
Project("{9A19103F-16F7-4668-BE54-9A1E7A4F7556}") = "T.Extensions.Framework", "T.Extensions.Framework\T.Extensions.Framework.csproj", "{55FE314E-A886-45FE-99A3-D7FEB79FBE68}"
EndProject
Project("{9A19103F-16F7-4668-BE54-9A1E7A4F7556}") = "T.Extensions.EntityFrameworkCore", "T.Extensions.EntityFrameworkCore\T.Extensions.EntityFrameworkCore.csproj", "{0CED4E3C-8AE7-4D44-91CB-A9152D1C4BC4}"
EndProject
Project("{FAE04EC0-301F-11D3-BF4B-00C04F79EFBC}") = "T.WPF", "T.WPF\T.WPF.csproj", "{639745AD-BE92-4FBD-907A-48189D044B48}"
EndProject
Global
	GlobalSection(SolutionConfigurationPlatforms) = preSolution
		Debug|Any CPU = Debug|Any CPU
		Release|Any CPU = Release|Any CPU
	EndGlobalSection
	GlobalSection(ProjectConfigurationPlatforms) = postSolution
		{D351C5FB-A149-4AF3-A6D4-C9DE4E7B6C20}.Debug|Any CPU.ActiveCfg = Debug|Any CPU
		{D351C5FB-A149-4AF3-A6D4-C9DE4E7B6C20}.Debug|Any CPU.Build.0 = Debug|Any CPU
		{D351C5FB-A149-4AF3-A6D4-C9DE4E7B6C20}.Release|Any CPU.ActiveCfg = Release|Any CPU
		{D351C5FB-A149-4AF3-A6D4-C9DE4E7B6C20}.Release|Any CPU.Build.0 = Release|Any CPU
		{55FE314E-A886-45FE-99A3-D7FEB79FBE68}.Debug|Any CPU.ActiveCfg = Debug|Any CPU
		{55FE314E-A886-45FE-99A3-D7FEB79FBE68}.Debug|Any CPU.Build.0 = Debug|Any CPU
		{55FE314E-A886-45FE-99A3-D7FEB79FBE68}.Release|Any CPU.ActiveCfg = Release|Any CPU
		{55FE314E-A886-45FE-99A3-D7FEB79FBE68}.Release|Any CPU.Build.0 = Release|Any CPU
		{0CED4E3C-8AE7-4D44-91CB-A9152D1C4BC4}.Debug|Any CPU.ActiveCfg = Debug|Any CPU
		{0CED4E3C-8AE7-4D44-91CB-A9152D1C4BC4}.Debug|Any CPU.Build.0 = Debug|Any CPU
		{0CED4E3C-8AE7-4D44-91CB-A9152D1C4BC4}.Release|Any CPU.ActiveCfg = Release|Any CPU
		{0CED4E3C-8AE7-4D44-91CB-A9152D1C4BC4}.Release|Any CPU.Build.0 = Release|Any CPU
		{639745AD-BE92-4FBD-907A-48189D044B48}.Debug|Any CPU.ActiveCfg = Debug|Any CPU
		{639745AD-BE92-4FBD-907A-48189D044B48}.Debug|Any CPU.Build.0 = Debug|Any CPU
		{639745AD-BE92-4FBD-907A-48189D044B48}.Release|Any CPU.ActiveCfg = Release|Any CPU
		{639745AD-BE92-4FBD-907A-48189D044B48}.Release|Any CPU.Build.0 = Release|Any CPU
	EndGlobalSection
	GlobalSection(SolutionProperties) = preSolution
		HideSolutionNode = FALSE
	EndGlobalSection
	GlobalSection(ExtensibilityGlobals) = postSolution
		SolutionGuid = {747174B7-3BB0-4BEF-875F-ADA78A1E70BA}
	EndGlobalSection
EndGlobal
